
Microsoft Visual Studio Solution File, Format Version 12.00
# Visual Studio 15
VisualStudioVersion = 15.0.28307.572
MinimumVisualStudioVersion = 10.0.40219.1
Project("{FAE04EC0-301F-11D3-BF4B-00C04F79EFBC}") = "MailRu", "MailRu\MailRu.csproj", "{7401C21E-88CB-4D36-A34D-8069B86AE586}"
EndProject
Global
	GlobalSection(SolutionConfigurationPlatforms) = preSolution
		Debug|Any CPU = Debug|Any CPU
		Release|Any CPU = Release|Any CPU
	EndGlobalSection
	GlobalSection(ProjectConfigurationPlatforms) = postSolution
		{7401C21E-88CB-4D36-A34D-8069B86AE586}.Debug|Any CPU.ActiveCfg = Debug|Any CPU
		{7401C21E-88CB-4D36-A34D-8069B86AE586}.Debug|Any CPU.Build.0 = Debug|Any CPU
		{7401C21E-88CB-4D36-A34D-8069B86AE586}.Release|Any CPU.ActiveCfg = Release|Any CPU
		{7401C21E-88CB-4D36-A34D-8069B86AE586}.Release|Any CPU.Build.0 = Release|Any CPU
	EndGlobalSection
	GlobalSection(SolutionProperties) = preSolution
		HideSolutionNode = FALSE
	EndGlobalSection
	GlobalSection(ExtensibilityGlobals) = postSolution
		SolutionGuid = {8AAB3912-5CF8-4ADF-9A88-8AD8CC786944}
	EndGlobalSection
EndGlobal
