
Microsoft Visual Studio Solution File, Format Version 12.00
# Visual Studio 15
VisualStudioVersion = 15.0.28307.572
MinimumVisualStudioVersion = 10.0.40219.1
Project("{FAE04EC0-301F-11D3-BF4B-00C04F79EFBC}") = "StringOperations", "StringOperations\StringOperations.csproj", "{85DF035C-48B8-4605-AC5C-C7DB24A7B578}"
EndProject
Project("{FAE04EC0-301F-11D3-BF4B-00C04F79EFBC}") = "StringOperationTests", "StringOperationTests\StringOperationTests.csproj", "{DBEBD1C2-6132-4312-8AC1-619AC73A7484}"
EndProject
Global
	GlobalSection(SolutionConfigurationPlatforms) = preSolution
		Debug|Any CPU = Debug|Any CPU
		Release|Any CPU = Release|Any CPU
	EndGlobalSection
	GlobalSection(ProjectConfigurationPlatforms) = postSolution
		{85DF035C-48B8-4605-AC5C-C7DB24A7B578}.Debug|Any CPU.ActiveCfg = Debug|Any CPU
		{85DF035C-48B8-4605-AC5C-C7DB24A7B578}.Debug|Any CPU.Build.0 = Debug|Any CPU
		{85DF035C-48B8-4605-AC5C-C7DB24A7B578}.Release|Any CPU.ActiveCfg = Release|Any CPU
		{85DF035C-48B8-4605-AC5C-C7DB24A7B578}.Release|Any CPU.Build.0 = Release|Any CPU
		{DBEBD1C2-6132-4312-8AC1-619AC73A7484}.Debug|Any CPU.ActiveCfg = Debug|Any CPU
		{DBEBD1C2-6132-4312-8AC1-619AC73A7484}.Debug|Any CPU.Build.0 = Debug|Any CPU
		{DBEBD1C2-6132-4312-8AC1-619AC73A7484}.Release|Any CPU.ActiveCfg = Release|Any CPU
		{DBEBD1C2-6132-4312-8AC1-619AC73A7484}.Release|Any CPU.Build.0 = Release|Any CPU
	EndGlobalSection
	GlobalSection(SolutionProperties) = preSolution
		HideSolutionNode = FALSE
	EndGlobalSection
	GlobalSection(ExtensibilityGlobals) = postSolution
		SolutionGuid = {B86750BD-93C2-41B8-90B5-C970D003FD38}
	EndGlobalSection
EndGlobal
