
Microsoft Visual Studio Solution File, Format Version 12.00
# Visual Studio 15
VisualStudioVersion = 15.0.28307.572
MinimumVisualStudioVersion = 10.0.40219.1
Project("{FAE04EC0-301F-11D3-BF4B-00C04F79EFBC}") = "University", "University\University.csproj", "{C101A359-C0FE-4DF6-A5A9-62FAC0E515C0}"
EndProject
Global
	GlobalSection(SolutionConfigurationPlatforms) = preSolution
		Debug|Any CPU = Debug|Any CPU
		Release|Any CPU = Release|Any CPU
	EndGlobalSection
	GlobalSection(ProjectConfigurationPlatforms) = postSolution
		{C101A359-C0FE-4DF6-A5A9-62FAC0E515C0}.Debug|Any CPU.ActiveCfg = Debug|Any CPU
		{C101A359-C0FE-4DF6-A5A9-62FAC0E515C0}.Debug|Any CPU.Build.0 = Debug|Any CPU
		{C101A359-C0FE-4DF6-A5A9-62FAC0E515C0}.Release|Any CPU.ActiveCfg = Release|Any CPU
		{C101A359-C0FE-4DF6-A5A9-62FAC0E515C0}.Release|Any CPU.Build.0 = Release|Any CPU
	EndGlobalSection
	GlobalSection(SolutionProperties) = preSolution
		HideSolutionNode = FALSE
	EndGlobalSection
	GlobalSection(ExtensibilityGlobals) = postSolution
		SolutionGuid = {C15D5887-4DD5-419C-BB7B-BBC4E65ECF73}
	EndGlobalSection
EndGlobal
